// !$*UTF8*$!
{
	archiveVersion = 1;
	classes = {
	};
	objectVersion = 54;
	objects = {

/* Begin PBXBuildFile section */
		00E356F31AD99517003FC87E /* KAU_EATTests.m in Sources */ = {isa = PBXBuildFile; fileRef = 00E356F21AD99517003FC87E /* KAU_EATTests.m */; };
		02800D61B4F64E8A821D9293 /* Inter-Black.ttf in Resources */ = {isa = PBXBuildFile; fileRef = 956276CE31CE4E44BE64AB39 /* Inter-Black.ttf */; };
		053CD923AC35477394B546B1 /* SFPRODISPLAYLIGHTITALIC.OTF in Resources */ = {isa = PBXBuildFile; fileRef = 91C33FF7BB0444098498CAD0 /* SFPRODISPLAYLIGHTITALIC.OTF */; };
		0B3DA160044640BBAB0DEE4A /* LotteMartHappyBold.ttf in Resources */ = {isa = PBXBuildFile; fileRef = C38C39C7743245C598880B07 /* LotteMartHappyBold.ttf */; };
		0DE2B830CFF34657B9CF256D /* NotoSansKR-Light.otf in Resources */ = {isa = PBXBuildFile; fileRef = DB5A14C1C8764235B90EFC6E /* NotoSansKR-Light.otf */; };
		102D61488CBD45969575F9FB /* NotoSansKRThin.otf in Resources */ = {isa = PBXBuildFile; fileRef = 80B0C093D9CD4B59956AE770 /* NotoSansKRThin.otf */; };
		13B07FBC1A68108700A75B9A /* AppDelegate.mm in Sources */ = {isa = PBXBuildFile; fileRef = 13B07FB01A68108700A75B9A /* AppDelegate.mm */; };
		13B07FC11A68108700A75B9A /* main.m in Sources */ = {isa = PBXBuildFile; fileRef = 13B07FB71A68108700A75B9A /* main.m */; };
		157E9F6EAC7E48FB8397972E /* LotteMartDream-Bold.ttf in Resources */ = {isa = PBXBuildFile; fileRef = DC56C3474BB844ABAC6AFB85 /* LotteMartDream-Bold.ttf */; };
		19B86D6C6FC74874A88A75A9 /* Inter-Bold.ttf in Resources */ = {isa = PBXBuildFile; fileRef = 6BC1645C2EF74A619C8B4FAE /* Inter-Bold.ttf */; };
		1A14BDCAD5B74645A7A9C275 /* SFPRODISPLAY-ULTRALIGHTITALIC.OTF in Resources */ = {isa = PBXBuildFile; fileRef = C45D9890127C46DF827AA85B /* SFPRODISPLAY-ULTRALIGHTITALIC.OTF */; };
		20E1F591475845C6A58EFAA8 /* SFPRODISPLAYHEAVYITALIC.OTF in Resources */ = {isa = PBXBuildFile; fileRef = 786B39D64FDE4F1F9D1F55D1 /* SFPRODISPLAYHEAVYITALIC.OTF */; };
		219D5EA17EC046598CC751A6 /* SFPRODISPLAYBLACKITALIC.OTF in Resources */ = {isa = PBXBuildFile; fileRef = 3E782EA7F2E24DAF9F2FDD98 /* SFPRODISPLAYBLACKITALIC.OTF */; };
		2A66B5705F6186AF1A78EF6C /* libPods-KAU_EAT.a in Frameworks */ = {isa = PBXBuildFile; fileRef = 568A14E54A368D846EC745A8 /* libPods-KAU_EAT.a */; };
		2D3E1770782E463CA25CA411 /* Inter-ExtraLight.ttf in Resources */ = {isa = PBXBuildFile; fileRef = 5DDC22B8CD32464D9E877104 /* Inter-ExtraLight.ttf */; };
		2DC4BF2178D4442AABB0C1F8 /* NotoSansKRMedium.otf in Resources */ = {isa = PBXBuildFile; fileRef = 86D3F73D21A4477DB852519E /* NotoSansKRMedium.otf */; };
		2E02C1A49A474EA990644F71 /* SFPRODISPLAYBOLD.OTF in Resources */ = {isa = PBXBuildFile; fileRef = 7EBF4DB04A544D49847674AB /* SFPRODISPLAYBOLD.OTF */; };
		3A0F7D7CDA574DDF82FAC60E /* Inter-Regular.ttf in Resources */ = {isa = PBXBuildFile; fileRef = 7B5E6086708D4600AF587FB8 /* Inter-Regular.ttf */; };
		429173813A2C493585174F0B /* Inter-Light.ttf in Resources */ = {isa = PBXBuildFile; fileRef = 880E8E9A201D4D00847C4DB0 /* Inter-Light.ttf */; };
		4956CFDCD2344EAA8AAC5403 /* SFPRODISPLAY-MEDIUM.OTF in Resources */ = {isa = PBXBuildFile; fileRef = 1B6B9AE4819741E8B3FA77DA /* SFPRODISPLAY-MEDIUM.OTF */; };
		498544DD37C64693B31353BB /* NotoSansKR-Thin.otf in Resources */ = {isa = PBXBuildFile; fileRef = F8AA073CFB1D49AFA81F978C /* NotoSansKR-Thin.otf */; };
		4FB4E5B0CEBF432AADC400DB /* SFPRODISPLAY-LIGHTITALIC.OTF in Resources */ = {isa = PBXBuildFile; fileRef = 64FD966F1022476891FD6BD5 /* SFPRODISPLAY-LIGHTITALIC.OTF */; };
		56E2016453BB47BE8441838E /* NotoSansKRBold.otf in Resources */ = {isa = PBXBuildFile; fileRef = 82DA691A6F4B48A7829F92DE /* NotoSansKRBold.otf */; };
		570C165528B41EF900656A77 /* SplashScreen.storyboard in Resources */ = {isa = PBXBuildFile; fileRef = 570C165428B41EF900656A77 /* SplashScreen.storyboard */; };
		570C165728B42AD900656A77 /* splash_logo.png in Resources */ = {isa = PBXBuildFile; fileRef = 570C165628B42AD900656A77 /* splash_logo.png */; };
		570C165828B433E600656A77 /* Images.xcassets in Resources */ = {isa = PBXBuildFile; fileRef = 13B07FB51A68108700A75B9A /* Images.xcassets */; };
		570C165928B4350000656A77 /* Images.xcassets in Resources */ = {isa = PBXBuildFile; fileRef = 13B07FB51A68108700A75B9A /* Images.xcassets */; };
		5A7DE613F7B14E8BB32BB502 /* NotoSansKR-Bold.otf in Resources */ = {isa = PBXBuildFile; fileRef = CF4B2B536DFF49C48E4903D7 /* NotoSansKR-Bold.otf */; };
		5E5052C6F4E04E2492E9FF7E /* NotoSansKRBlack.otf in Resources */ = {isa = PBXBuildFile; fileRef = 3D463FBFC134446BB2B4A241 /* NotoSansKRBlack.otf */; };
		6196A9F915EA4D34BE8589ED /* LotteMartDream-Light.ttf in Resources */ = {isa = PBXBuildFile; fileRef = DA663FCA3CB34549B1BC9B4A /* LotteMartDream-Light.ttf */; };
		62713BBEA40C4B9C8105E89B /* NotoSansKR-Black.otf in Resources */ = {isa = PBXBuildFile; fileRef = AF5C6796B5CB45A2A5DC67A1 /* NotoSansKR-Black.otf */; };
		6ABBC96709824F46BAB2DC4C /* SFPRODISPLAY-BOLD.OTF in Resources */ = {isa = PBXBuildFile; fileRef = 9B0E4659467B400EA9D99BD1 /* SFPRODISPLAY-BOLD.OTF */; };
		7155F7742A4F4301B5495D71 /* LotteMartDreamLight.ttf in Resources */ = {isa = PBXBuildFile; fileRef = 73F32950359F4EAE83C79F54 /* LotteMartDreamLight.ttf */; };
		775B92A7F8E0430E8C3EF7D3 /* NotoSansKR-Medium.otf in Resources */ = {isa = PBXBuildFile; fileRef = 77F6E229F1DC4F3DB2E4A3FA /* NotoSansKR-Medium.otf */; };
		81AB9BB82411601600AC10FF /* LaunchScreen.storyboard in Resources */ = {isa = PBXBuildFile; fileRef = 81AB9BB72411601600AC10FF /* LaunchScreen.storyboard */; };
		81F787193E9A4D48ACD4EAA7 /* SFPRODISPLAY-BLACKITALIC.OTF in Resources */ = {isa = PBXBuildFile; fileRef = E1040A069D7846FD8A7F6C3B /* SFPRODISPLAY-BLACKITALIC.OTF */; };
		828763BCA67B4718816E3312 /* LotteMartDream-Medium.ttf in Resources */ = {isa = PBXBuildFile; fileRef = 62448CADAFE74835831CA8FA /* LotteMartDream-Medium.ttf */; };
		8CB22969B3CA4172A7D6A820 /* LotteMartDreamMedium.ttf in Resources */ = {isa = PBXBuildFile; fileRef = 0688774403714804B1906734 /* LotteMartDreamMedium.ttf */; };
		9412E9C3CC1E456AB5EA7031 /* SFPRODISPLAY-SEMIBOLDITALIC.OTF in Resources */ = {isa = PBXBuildFile; fileRef = 619E2202B3A041BEB05B20E2 /* SFPRODISPLAY-SEMIBOLDITALIC.OTF */; };
		9F2EB7D0BBB445C1996F3CA7 /* SFPRODISPLAY-REGULAR.OTF in Resources */ = {isa = PBXBuildFile; fileRef = 9F0B8B4EB453416B940F499C /* SFPRODISPLAY-REGULAR.OTF */; };
		AAC15A1F47E2418B8B493849 /* LotteMartDreamBold.ttf in Resources */ = {isa = PBXBuildFile; fileRef = D10D7C784EB44EBE8E43BA65 /* LotteMartDreamBold.ttf */; };
		AED04B36B78D430E9D7E837B /* SFPRODISPLAYREGULAR.OTF in Resources */ = {isa = PBXBuildFile; fileRef = E6BFB505012C4D40833C9F3D /* SFPRODISPLAYREGULAR.OTF */; };
		BBE2409F9C0D4E5785DF6FFD /* SFPRODISPLAYMEDIUM.OTF in Resources */ = {isa = PBXBuildFile; fileRef = 1070DB28C8C845988BCD5244 /* SFPRODISPLAYMEDIUM.OTF */; };
		BBEB2702E5CD40DE86E77793 /* LotteMartHappyLight.ttf in Resources */ = {isa = PBXBuildFile; fileRef = ABA76F5A79D943D8A7996882 /* LotteMartHappyLight.ttf */; };
		BCF9BBF673C549C29B1DBC59 /* LotteMartHappy-Light.ttf in Resources */ = {isa = PBXBuildFile; fileRef = 47FA534342B44DCFBD00146F /* LotteMartHappy-Light.ttf */; };
		BEA02B31D84D468AAF05898F /* NotoSansKRRegular.otf in Resources */ = {isa = PBXBuildFile; fileRef = 45B1F65FB27F4584AD47AFD9 /* NotoSansKRRegular.otf */; };
		CCB0A785652E4C04B1DA93DD /* NotoSansKRLight.otf in Resources */ = {isa = PBXBuildFile; fileRef = D7F8CAED6E1B4A018676666E /* NotoSansKRLight.otf */; };
		D9A50E72BBB04B529CFD8F37 /* SFPRODISPLAY-THINITALIC.OTF in Resources */ = {isa = PBXBuildFile; fileRef = C881DD0B881441F0B73C0A0D /* SFPRODISPLAY-THINITALIC.OTF */; };
		E4669B168C7D41BF99074709 /* SFPRODISPLAYULTRALIGHTITALIC.OTF in Resources */ = {isa = PBXBuildFile; fileRef = 94930CEBC23F4C998E2A6C89 /* SFPRODISPLAYULTRALIGHTITALIC.OTF */; };
		E4DC1F025467401F9A061DCA /* SFPRODISPLAYTHINITALIC.OTF in Resources */ = {isa = PBXBuildFile; fileRef = E4E92A7CE5B14F389D13E60F /* SFPRODISPLAYTHINITALIC.OTF */; };
		E5954F18201B458FA84F6663 /* Inter-SemiBold.ttf in Resources */ = {isa = PBXBuildFile; fileRef = C0BCEDC633D94CCE8D3DB411 /* Inter-SemiBold.ttf */; };
		EA25F9F84BA1CD24855264AA /* libPods-KAU_EAT-KAU_EATTests.a in Frameworks */ = {isa = PBXBuildFile; fileRef = 7CBD78093ED284123096F68A /* libPods-KAU_EAT-KAU_EATTests.a */; };
		EA5B665AF47347B8832880C1 /* Inter-Medium.ttf in Resources */ = {isa = PBXBuildFile; fileRef = 88B25FA978014984ACACE7B7 /* Inter-Medium.ttf */; };
		EA703D4E7A2B4D6DB622FF75 /* LotteMartHappy-Bold.ttf in Resources */ = {isa = PBXBuildFile; fileRef = B337E243FFDE4BD3BAA7FFFC /* LotteMartHappy-Bold.ttf */; };
		EAC927AD8F5E455290A49127 /* LotteMartHappy-Medium.ttf in Resources */ = {isa = PBXBuildFile; fileRef = 6D21336CAEA14C7C9A91F110 /* LotteMartHappy-Medium.ttf */; };
		EB18B7400A3F4B11B1811334 /* LotteMartHappyMedium.ttf in Resources */ = {isa = PBXBuildFile; fileRef = 96ADAD0DD8964E07AAC0F22F /* LotteMartHappyMedium.ttf */; };
		EB92C4A3FCA34F1683E9743E /* SFPRODISPLAYSEMIBOLDITALIC.OTF in Resources */ = {isa = PBXBuildFile; fileRef = 9C1F4F11670444939E1186D5 /* SFPRODISPLAYSEMIBOLDITALIC.OTF */; };
		ED8471C1F228404AB3FB7CF0 /* Inter-ExtraBold.ttf in Resources */ = {isa = PBXBuildFile; fileRef = 3D95DB6817D14DFBA91A14DA /* Inter-ExtraBold.ttf */; };
		F2622D60665A4F09A4E4A195 /* SFPRODISPLAY-HEAVYITALIC.OTF in Resources */ = {isa = PBXBuildFile; fileRef = BE2A5D71036045DCA935E5C9 /* SFPRODISPLAY-HEAVYITALIC.OTF */; };
		F42522DDE37B4A63BAF46F80 /* NotoSansKR-Regular.otf in Resources */ = {isa = PBXBuildFile; fileRef = D0249D8802FF4B20B28689C8 /* NotoSansKR-Regular.otf */; };
		FAC82D227ABD493686FF86D5 /* Inter-Thin.ttf in Resources */ = {isa = PBXBuildFile; fileRef = 957EBE296FC34E309B45FA03 /* Inter-Thin.ttf */; };
/* End PBXBuildFile section */

/* Begin PBXContainerItemProxy section */
		00E356F41AD99517003FC87E /* PBXContainerItemProxy */ = {
			isa = PBXContainerItemProxy;
			containerPortal = 83CBB9F71A601CBA00E9B192 /* Project object */;
			proxyType = 1;
			remoteGlobalIDString = 13B07F861A680F5B00A75B9A;
			remoteInfo = KAU_EAT;
		};
/* End PBXContainerItemProxy section */

/* Begin PBXFileReference section */
		00E356EE1AD99517003FC87E /* KAU_EATTests.xctest */ = {isa = PBXFileReference; explicitFileType = wrapper.cfbundle; includeInIndex = 0; path = KAU_EATTests.xctest; sourceTree = BUILT_PRODUCTS_DIR; };
		00E356F11AD99517003FC87E /* Info.plist */ = {isa = PBXFileReference; lastKnownFileType = text.plist.xml; path = Info.plist; sourceTree = "<group>"; };
		00E356F21AD99517003FC87E /* KAU_EATTests.m */ = {isa = PBXFileReference; lastKnownFileType = sourcecode.c.objc; path = KAU_EATTests.m; sourceTree = "<group>"; };
		0688774403714804B1906734 /* LotteMartDreamMedium.ttf */ = {isa = PBXFileReference; explicitFileType = undefined; fileEncoding = 9; includeInIndex = 0; lastKnownFileType = unknown; name = LotteMartDreamMedium.ttf; path = ../app/assets/fonts/LotteMartDreamMedium.ttf; sourceTree = "<group>"; };
		1070DB28C8C845988BCD5244 /* SFPRODISPLAYMEDIUM.OTF */ = {isa = PBXFileReference; explicitFileType = undefined; fileEncoding = 9; includeInIndex = 0; lastKnownFileType = unknown; name = SFPRODISPLAYMEDIUM.OTF; path = ../app/assets/fonts/SFPRODISPLAYMEDIUM.OTF; sourceTree = "<group>"; };
		13B07F961A680F5B00A75B9A /* KAU_EAT.app */ = {isa = PBXFileReference; explicitFileType = wrapper.application; includeInIndex = 0; path = KAU_EAT.app; sourceTree = BUILT_PRODUCTS_DIR; };
		13B07FAF1A68108700A75B9A /* AppDelegate.h */ = {isa = PBXFileReference; fileEncoding = 4; lastKnownFileType = sourcecode.c.h; name = AppDelegate.h; path = KAU_EAT/AppDelegate.h; sourceTree = "<group>"; };
		13B07FB01A68108700A75B9A /* AppDelegate.mm */ = {isa = PBXFileReference; fileEncoding = 4; lastKnownFileType = sourcecode.cpp.objcpp; name = AppDelegate.mm; path = KAU_EAT/AppDelegate.mm; sourceTree = "<group>"; };
		13B07FB51A68108700A75B9A /* Images.xcassets */ = {isa = PBXFileReference; lastKnownFileType = folder.assetcatalog; name = Images.xcassets; path = KAU_EAT/Images.xcassets; sourceTree = "<group>"; };
		13B07FB61A68108700A75B9A /* Info.plist */ = {isa = PBXFileReference; fileEncoding = 4; lastKnownFileType = text.plist.xml; name = Info.plist; path = KAU_EAT/Info.plist; sourceTree = "<group>"; };
		13B07FB71A68108700A75B9A /* main.m */ = {isa = PBXFileReference; fileEncoding = 4; lastKnownFileType = sourcecode.c.objc; name = main.m; path = KAU_EAT/main.m; sourceTree = "<group>"; };
		13E439E77C2FBB5CDB175027 /* Pods-KAU_EAT.debug.xcconfig */ = {isa = PBXFileReference; includeInIndex = 1; lastKnownFileType = text.xcconfig; name = "Pods-KAU_EAT.debug.xcconfig"; path = "Target Support Files/Pods-KAU_EAT/Pods-KAU_EAT.debug.xcconfig"; sourceTree = "<group>"; };
		14970260B2514ECA98ABFB80 /* MaterialCommunityIcons.ttf */ = {isa = PBXFileReference; explicitFileType = undefined; fileEncoding = 9; includeInIndex = 0; lastKnownFileType = unknown; name = MaterialCommunityIcons.ttf; path = ../app/assets/fonts/MaterialCommunityIcons.ttf; sourceTree = "<group>"; };
		1B6B9AE4819741E8B3FA77DA /* SFPRODISPLAY-MEDIUM.OTF */ = {isa = PBXFileReference; explicitFileType = undefined; fileEncoding = 9; includeInIndex = 0; lastKnownFileType = unknown; name = "SFPRODISPLAY-MEDIUM.OTF"; path = "../app/assets/fonts/SFPRODISPLAY-MEDIUM.OTF"; sourceTree = "<group>"; };
		1F5C807DE64E46EBB3A0072D /* Entypo.ttf */ = {isa = PBXFileReference; explicitFileType = undefined; fileEncoding = 9; includeInIndex = 0; lastKnownFileType = unknown; name = Entypo.ttf; path = ../app/assets/fonts/Entypo.ttf; sourceTree = "<group>"; };
		22D9C8A492B34E24BFD06E24 /* EvilIcons.ttf */ = {isa = PBXFileReference; explicitFileType = undefined; fileEncoding = 9; includeInIndex = 0; lastKnownFileType = unknown; name = EvilIcons.ttf; path = ../app/assets/fonts/EvilIcons.ttf; sourceTree = "<group>"; };
		2D58455F51174129A9558EA4 /* Pods-KAU_EAT.release.xcconfig */ = {isa = PBXFileReference; includeInIndex = 1; lastKnownFileType = text.xcconfig; name = "Pods-KAU_EAT.release.xcconfig"; path = "Target Support Files/Pods-KAU_EAT/Pods-KAU_EAT.release.xcconfig"; sourceTree = "<group>"; };
		37B0188C21EE4509A7E33915 /* FontAwesome5_Solid.ttf */ = {isa = PBXFileReference; explicitFileType = undefined; fileEncoding = 9; includeInIndex = 0; lastKnownFileType = unknown; name = FontAwesome5_Solid.ttf; path = ../app/assets/fonts/FontAwesome5_Solid.ttf; sourceTree = "<group>"; };
		3D463FBFC134446BB2B4A241 /* NotoSansKRBlack.otf */ = {isa = PBXFileReference; explicitFileType = undefined; fileEncoding = 9; includeInIndex = 0; lastKnownFileType = unknown; name = NotoSansKRBlack.otf; path = ../app/assets/fonts/NotoSansKRBlack.otf; sourceTree = "<group>"; };
		3D95DB6817D14DFBA91A14DA /* Inter-ExtraBold.ttf */ = {isa = PBXFileReference; explicitFileType = undefined; fileEncoding = 9; includeInIndex = 0; lastKnownFileType = unknown; name = "Inter-ExtraBold.ttf"; path = "../app/assets/fonts/Inter-ExtraBold.ttf"; sourceTree = "<group>"; };
		3E782EA7F2E24DAF9F2FDD98 /* SFPRODISPLAYBLACKITALIC.OTF */ = {isa = PBXFileReference; explicitFileType = undefined; fileEncoding = 9; includeInIndex = 0; lastKnownFileType = unknown; name = SFPRODISPLAYBLACKITALIC.OTF; path = ../app/assets/fonts/SFPRODISPLAYBLACKITALIC.OTF; sourceTree = "<group>"; };
		40CB7C2C01F14D83B851B5E1 /* Octicons.ttf */ = {isa = PBXFileReference; explicitFileType = undefined; fileEncoding = 9; includeInIndex = 0; lastKnownFileType = unknown; name = Octicons.ttf; path = ../app/assets/fonts/Octicons.ttf; sourceTree = "<group>"; };
		45B1F65FB27F4584AD47AFD9 /* NotoSansKRRegular.otf */ = {isa = PBXFileReference; explicitFileType = undefined; fileEncoding = 9; includeInIndex = 0; lastKnownFileType = unknown; name = NotoSansKRRegular.otf; path = ../app/assets/fonts/NotoSansKRRegular.otf; sourceTree = "<group>"; };
		47FA534342B44DCFBD00146F /* LotteMartHappy-Light.ttf */ = {isa = PBXFileReference; explicitFileType = undefined; fileEncoding = 9; includeInIndex = 0; lastKnownFileType = unknown; name = "LotteMartHappy-Light.ttf"; path = "../app/assets/fonts/LotteMartHappy-Light.ttf"; sourceTree = "<group>"; };
		568A14E54A368D846EC745A8 /* libPods-KAU_EAT.a */ = {isa = PBXFileReference; explicitFileType = archive.ar; includeInIndex = 0; path = "libPods-KAU_EAT.a"; sourceTree = BUILT_PRODUCTS_DIR; };
		570C165428B41EF900656A77 /* SplashScreen.storyboard */ = {isa = PBXFileReference; lastKnownFileType = file.storyboard; name = SplashScreen.storyboard; path = KAU_EAT/SplashScreen.storyboard; sourceTree = "<group>"; };
		570C165628B42AD900656A77 /* splash_logo.png */ = {isa = PBXFileReference; lastKnownFileType = image.png; name = splash_logo.png; path = ../app/assets/images/splash_logo.png; sourceTree = "<group>"; };
		5DDC22B8CD32464D9E877104 /* Inter-ExtraLight.ttf */ = {isa = PBXFileReference; explicitFileType = undefined; fileEncoding = 9; includeInIndex = 0; lastKnownFileType = unknown; name = "Inter-ExtraLight.ttf"; path = "../app/assets/fonts/Inter-ExtraLight.ttf"; sourceTree = "<group>"; };
		619E2202B3A041BEB05B20E2 /* SFPRODISPLAY-SEMIBOLDITALIC.OTF */ = {isa = PBXFileReference; explicitFileType = undefined; fileEncoding = 9; includeInIndex = 0; lastKnownFileType = unknown; name = "SFPRODISPLAY-SEMIBOLDITALIC.OTF"; path = "../app/assets/fonts/SFPRODISPLAY-SEMIBOLDITALIC.OTF"; sourceTree = "<group>"; };
		62448CADAFE74835831CA8FA /* LotteMartDream-Medium.ttf */ = {isa = PBXFileReference; explicitFileType = undefined; fileEncoding = 9; includeInIndex = 0; lastKnownFileType = unknown; name = "LotteMartDream-Medium.ttf"; path = "../app/assets/fonts/LotteMartDream-Medium.ttf"; sourceTree = "<group>"; };
		64ECC114C0D547B1B5B533A5 /* FontAwesome.ttf */ = {isa = PBXFileReference; explicitFileType = undefined; fileEncoding = 9; includeInIndex = 0; lastKnownFileType = unknown; name = FontAwesome.ttf; path = ../app/assets/fonts/FontAwesome.ttf; sourceTree = "<group>"; };
		64FD966F1022476891FD6BD5 /* SFPRODISPLAY-LIGHTITALIC.OTF */ = {isa = PBXFileReference; explicitFileType = undefined; fileEncoding = 9; includeInIndex = 0; lastKnownFileType = unknown; name = "SFPRODISPLAY-LIGHTITALIC.OTF"; path = "../app/assets/fonts/SFPRODISPLAY-LIGHTITALIC.OTF"; sourceTree = "<group>"; };
		6BC1645C2EF74A619C8B4FAE /* Inter-Bold.ttf */ = {isa = PBXFileReference; explicitFileType = undefined; fileEncoding = 9; includeInIndex = 0; lastKnownFileType = unknown; name = "Inter-Bold.ttf"; path = "../app/assets/fonts/Inter-Bold.ttf"; sourceTree = "<group>"; };
		6D21336CAEA14C7C9A91F110 /* LotteMartHappy-Medium.ttf */ = {isa = PBXFileReference; explicitFileType = undefined; fileEncoding = 9; includeInIndex = 0; lastKnownFileType = unknown; name = "LotteMartHappy-Medium.ttf"; path = "../app/assets/fonts/LotteMartHappy-Medium.ttf"; sourceTree = "<group>"; };
		73F32950359F4EAE83C79F54 /* LotteMartDreamLight.ttf */ = {isa = PBXFileReference; explicitFileType = undefined; fileEncoding = 9; includeInIndex = 0; lastKnownFileType = unknown; name = LotteMartDreamLight.ttf; path = ../app/assets/fonts/LotteMartDreamLight.ttf; sourceTree = "<group>"; };
		77F6E229F1DC4F3DB2E4A3FA /* NotoSansKR-Medium.otf */ = {isa = PBXFileReference; explicitFileType = undefined; fileEncoding = 9; includeInIndex = 0; lastKnownFileType = unknown; name = "NotoSansKR-Medium.otf"; path = "../app/assets/fonts/NotoSansKR-Medium.otf"; sourceTree = "<group>"; };
		77FB2128C29E40AEAF5C9EAE /* AntDesign.ttf */ = {isa = PBXFileReference; explicitFileType = undefined; fileEncoding = 9; includeInIndex = 0; lastKnownFileType = unknown; name = AntDesign.ttf; path = ../app/assets/fonts/AntDesign.ttf; sourceTree = "<group>"; };
		786B39D64FDE4F1F9D1F55D1 /* SFPRODISPLAYHEAVYITALIC.OTF */ = {isa = PBXFileReference; explicitFileType = undefined; fileEncoding = 9; includeInIndex = 0; lastKnownFileType = unknown; name = SFPRODISPLAYHEAVYITALIC.OTF; path = ../app/assets/fonts/SFPRODISPLAYHEAVYITALIC.OTF; sourceTree = "<group>"; };
		7B5E6086708D4600AF587FB8 /* Inter-Regular.ttf */ = {isa = PBXFileReference; explicitFileType = undefined; fileEncoding = 9; includeInIndex = 0; lastKnownFileType = unknown; name = "Inter-Regular.ttf"; path = "../app/assets/fonts/Inter-Regular.ttf"; sourceTree = "<group>"; };
		7CBD78093ED284123096F68A /* libPods-KAU_EAT-KAU_EATTests.a */ = {isa = PBXFileReference; explicitFileType = archive.ar; includeInIndex = 0; path = "libPods-KAU_EAT-KAU_EATTests.a"; sourceTree = BUILT_PRODUCTS_DIR; };
		7EBF4DB04A544D49847674AB /* SFPRODISPLAYBOLD.OTF */ = {isa = PBXFileReference; explicitFileType = undefined; fileEncoding = 9; includeInIndex = 0; lastKnownFileType = unknown; name = SFPRODISPLAYBOLD.OTF; path = ../app/assets/fonts/SFPRODISPLAYBOLD.OTF; sourceTree = "<group>"; };
		80B0C093D9CD4B59956AE770 /* NotoSansKRThin.otf */ = {isa = PBXFileReference; explicitFileType = undefined; fileEncoding = 9; includeInIndex = 0; lastKnownFileType = unknown; name = NotoSansKRThin.otf; path = ../app/assets/fonts/NotoSansKRThin.otf; sourceTree = "<group>"; };
		81AB9BB72411601600AC10FF /* LaunchScreen.storyboard */ = {isa = PBXFileReference; fileEncoding = 4; lastKnownFileType = file.storyboard; name = LaunchScreen.storyboard; path = KAU_EAT/LaunchScreen.storyboard; sourceTree = "<group>"; };
		82DA691A6F4B48A7829F92DE /* NotoSansKRBold.otf */ = {isa = PBXFileReference; explicitFileType = undefined; fileEncoding = 9; includeInIndex = 0; lastKnownFileType = unknown; name = NotoSansKRBold.otf; path = ../app/assets/fonts/NotoSansKRBold.otf; sourceTree = "<group>"; };
		86D3F73D21A4477DB852519E /* NotoSansKRMedium.otf */ = {isa = PBXFileReference; explicitFileType = undefined; fileEncoding = 9; includeInIndex = 0; lastKnownFileType = unknown; name = NotoSansKRMedium.otf; path = ../app/assets/fonts/NotoSansKRMedium.otf; sourceTree = "<group>"; };
		880E8E9A201D4D00847C4DB0 /* Inter-Light.ttf */ = {isa = PBXFileReference; explicitFileType = undefined; fileEncoding = 9; includeInIndex = 0; lastKnownFileType = unknown; name = "Inter-Light.ttf"; path = "../app/assets/fonts/Inter-Light.ttf"; sourceTree = "<group>"; };
		88B25FA978014984ACACE7B7 /* Inter-Medium.ttf */ = {isa = PBXFileReference; explicitFileType = undefined; fileEncoding = 9; includeInIndex = 0; lastKnownFileType = unknown; name = "Inter-Medium.ttf"; path = "../app/assets/fonts/Inter-Medium.ttf"; sourceTree = "<group>"; };
		91C33FF7BB0444098498CAD0 /* SFPRODISPLAYLIGHTITALIC.OTF */ = {isa = PBXFileReference; explicitFileType = undefined; fileEncoding = 9; includeInIndex = 0; lastKnownFileType = unknown; name = SFPRODISPLAYLIGHTITALIC.OTF; path = ../app/assets/fonts/SFPRODISPLAYLIGHTITALIC.OTF; sourceTree = "<group>"; };
		94930CEBC23F4C998E2A6C89 /* SFPRODISPLAYULTRALIGHTITALIC.OTF */ = {isa = PBXFileReference; explicitFileType = undefined; fileEncoding = 9; includeInIndex = 0; lastKnownFileType = unknown; name = SFPRODISPLAYULTRALIGHTITALIC.OTF; path = ../app/assets/fonts/SFPRODISPLAYULTRALIGHTITALIC.OTF; sourceTree = "<group>"; };
		956276CE31CE4E44BE64AB39 /* Inter-Black.ttf */ = {isa = PBXFileReference; explicitFileType = undefined; fileEncoding = 9; includeInIndex = 0; lastKnownFileType = unknown; name = "Inter-Black.ttf"; path = "../app/assets/fonts/Inter-Black.ttf"; sourceTree = "<group>"; };
		957EBE296FC34E309B45FA03 /* Inter-Thin.ttf */ = {isa = PBXFileReference; explicitFileType = undefined; fileEncoding = 9; includeInIndex = 0; lastKnownFileType = unknown; name = "Inter-Thin.ttf"; path = "../app/assets/fonts/Inter-Thin.ttf"; sourceTree = "<group>"; };
		96ADAD0DD8964E07AAC0F22F /* LotteMartHappyMedium.ttf */ = {isa = PBXFileReference; explicitFileType = undefined; fileEncoding = 9; includeInIndex = 0; lastKnownFileType = unknown; name = LotteMartHappyMedium.ttf; path = ../app/assets/fonts/LotteMartHappyMedium.ttf; sourceTree = "<group>"; };
		97A3F7D180AD47B1A940FAE4 /* Foundation.ttf */ = {isa = PBXFileReference; explicitFileType = undefined; fileEncoding = 9; includeInIndex = 0; lastKnownFileType = unknown; name = Foundation.ttf; path = ../app/assets/fonts/Foundation.ttf; sourceTree = "<group>"; };
		9A9E948B76154292BCA2625B /* Feather.ttf */ = {isa = PBXFileReference; explicitFileType = undefined; fileEncoding = 9; includeInIndex = 0; lastKnownFileType = unknown; name = Feather.ttf; path = ../app/assets/fonts/Feather.ttf; sourceTree = "<group>"; };
		9B0E4659467B400EA9D99BD1 /* SFPRODISPLAY-BOLD.OTF */ = {isa = PBXFileReference; explicitFileType = undefined; fileEncoding = 9; includeInIndex = 0; lastKnownFileType = unknown; name = "SFPRODISPLAY-BOLD.OTF"; path = "../app/assets/fonts/SFPRODISPLAY-BOLD.OTF"; sourceTree = "<group>"; };
		9C1F4F11670444939E1186D5 /* SFPRODISPLAYSEMIBOLDITALIC.OTF */ = {isa = PBXFileReference; explicitFileType = undefined; fileEncoding = 9; includeInIndex = 0; lastKnownFileType = unknown; name = SFPRODISPLAYSEMIBOLDITALIC.OTF; path = ../app/assets/fonts/SFPRODISPLAYSEMIBOLDITALIC.OTF; sourceTree = "<group>"; };
		9F0B8B4EB453416B940F499C /* SFPRODISPLAY-REGULAR.OTF */ = {isa = PBXFileReference; explicitFileType = undefined; fileEncoding = 9; includeInIndex = 0; lastKnownFileType = unknown; name = "SFPRODISPLAY-REGULAR.OTF"; path = "../app/assets/fonts/SFPRODISPLAY-REGULAR.OTF"; sourceTree = "<group>"; };
		A4B5D9B098824E54BF00D72D /* FontAwesome5_Regular.ttf */ = {isa = PBXFileReference; explicitFileType = undefined; fileEncoding = 9; includeInIndex = 0; lastKnownFileType = unknown; name = FontAwesome5_Regular.ttf; path = ../app/assets/fonts/FontAwesome5_Regular.ttf; sourceTree = "<group>"; };
		ABA76F5A79D943D8A7996882 /* LotteMartHappyLight.ttf */ = {isa = PBXFileReference; explicitFileType = undefined; fileEncoding = 9; includeInIndex = 0; lastKnownFileType = unknown; name = LotteMartHappyLight.ttf; path = ../app/assets/fonts/LotteMartHappyLight.ttf; sourceTree = "<group>"; };
		AF5C6796B5CB45A2A5DC67A1 /* NotoSansKR-Black.otf */ = {isa = PBXFileReference; explicitFileType = undefined; fileEncoding = 9; includeInIndex = 0; lastKnownFileType = unknown; name = "NotoSansKR-Black.otf"; path = "../app/assets/fonts/NotoSansKR-Black.otf"; sourceTree = "<group>"; };
		B337E243FFDE4BD3BAA7FFFC /* LotteMartHappy-Bold.ttf */ = {isa = PBXFileReference; explicitFileType = undefined; fileEncoding = 9; includeInIndex = 0; lastKnownFileType = unknown; name = "LotteMartHappy-Bold.ttf"; path = "../app/assets/fonts/LotteMartHappy-Bold.ttf"; sourceTree = "<group>"; };
		BE170F883FBE47A3B2AD1E02 /* SimpleLineIcons.ttf */ = {isa = PBXFileReference; explicitFileType = undefined; fileEncoding = 9; includeInIndex = 0; lastKnownFileType = unknown; name = SimpleLineIcons.ttf; path = ../app/assets/fonts/SimpleLineIcons.ttf; sourceTree = "<group>"; };
		BE2A5D71036045DCA935E5C9 /* SFPRODISPLAY-HEAVYITALIC.OTF */ = {isa = PBXFileReference; explicitFileType = undefined; fileEncoding = 9; includeInIndex = 0; lastKnownFileType = unknown; name = "SFPRODISPLAY-HEAVYITALIC.OTF"; path = "../app/assets/fonts/SFPRODISPLAY-HEAVYITALIC.OTF"; sourceTree = "<group>"; };
		BF11E72B54550079CD1DD189 /* Pods-KAU_EAT-KAU_EATTests.release.xcconfig */ = {isa = PBXFileReference; includeInIndex = 1; lastKnownFileType = text.xcconfig; name = "Pods-KAU_EAT-KAU_EATTests.release.xcconfig"; path = "Target Support Files/Pods-KAU_EAT-KAU_EATTests/Pods-KAU_EAT-KAU_EATTests.release.xcconfig"; sourceTree = "<group>"; };
		C0BCEDC633D94CCE8D3DB411 /* Inter-SemiBold.ttf */ = {isa = PBXFileReference; explicitFileType = undefined; fileEncoding = 9; includeInIndex = 0; lastKnownFileType = unknown; name = "Inter-SemiBold.ttf"; path = "../app/assets/fonts/Inter-SemiBold.ttf"; sourceTree = "<group>"; };
		C38C39C7743245C598880B07 /* LotteMartHappyBold.ttf */ = {isa = PBXFileReference; explicitFileType = undefined; fileEncoding = 9; includeInIndex = 0; lastKnownFileType = unknown; name = LotteMartHappyBold.ttf; path = ../app/assets/fonts/LotteMartHappyBold.ttf; sourceTree = "<group>"; };
		C45D9890127C46DF827AA85B /* SFPRODISPLAY-ULTRALIGHTITALIC.OTF */ = {isa = PBXFileReference; explicitFileType = undefined; fileEncoding = 9; includeInIndex = 0; lastKnownFileType = unknown; name = "SFPRODISPLAY-ULTRALIGHTITALIC.OTF"; path = "../app/assets/fonts/SFPRODISPLAY-ULTRALIGHTITALIC.OTF"; sourceTree = "<group>"; };
		C881DD0B881441F0B73C0A0D /* SFPRODISPLAY-THINITALIC.OTF */ = {isa = PBXFileReference; explicitFileType = undefined; fileEncoding = 9; includeInIndex = 0; lastKnownFileType = unknown; name = "SFPRODISPLAY-THINITALIC.OTF"; path = "../app/assets/fonts/SFPRODISPLAY-THINITALIC.OTF"; sourceTree = "<group>"; };
		CF4B2B536DFF49C48E4903D7 /* NotoSansKR-Bold.otf */ = {isa = PBXFileReference; explicitFileType = undefined; fileEncoding = 9; includeInIndex = 0; lastKnownFileType = unknown; name = "NotoSansKR-Bold.otf"; path = "../app/assets/fonts/NotoSansKR-Bold.otf"; sourceTree = "<group>"; };
		D0249D8802FF4B20B28689C8 /* NotoSansKR-Regular.otf */ = {isa = PBXFileReference; explicitFileType = undefined; fileEncoding = 9; includeInIndex = 0; lastKnownFileType = unknown; name = "NotoSansKR-Regular.otf"; path = "../app/assets/fonts/NotoSansKR-Regular.otf"; sourceTree = "<group>"; };
		D10D7C784EB44EBE8E43BA65 /* LotteMartDreamBold.ttf */ = {isa = PBXFileReference; explicitFileType = undefined; fileEncoding = 9; includeInIndex = 0; lastKnownFileType = unknown; name = LotteMartDreamBold.ttf; path = ../app/assets/fonts/LotteMartDreamBold.ttf; sourceTree = "<group>"; };
		D4049CCA29AC4A74A571CA2D /* Zocial.ttf */ = {isa = PBXFileReference; explicitFileType = undefined; fileEncoding = 9; includeInIndex = 0; lastKnownFileType = unknown; name = Zocial.ttf; path = ../app/assets/fonts/Zocial.ttf; sourceTree = "<group>"; };
		D4205C2123820D2C3416BF75 /* Pods-KAU_EAT-KAU_EATTests.debug.xcconfig */ = {isa = PBXFileReference; includeInIndex = 1; lastKnownFileType = text.xcconfig; name = "Pods-KAU_EAT-KAU_EATTests.debug.xcconfig"; path = "Target Support Files/Pods-KAU_EAT-KAU_EATTests/Pods-KAU_EAT-KAU_EATTests.debug.xcconfig"; sourceTree = "<group>"; };
		D7F8CAED6E1B4A018676666E /* NotoSansKRLight.otf */ = {isa = PBXFileReference; explicitFileType = undefined; fileEncoding = 9; includeInIndex = 0; lastKnownFileType = unknown; name = NotoSansKRLight.otf; path = ../app/assets/fonts/NotoSansKRLight.otf; sourceTree = "<group>"; };
		DA663FCA3CB34549B1BC9B4A /* LotteMartDream-Light.ttf */ = {isa = PBXFileReference; explicitFileType = undefined; fileEncoding = 9; includeInIndex = 0; lastKnownFileType = unknown; name = "LotteMartDream-Light.ttf"; path = "../app/assets/fonts/LotteMartDream-Light.ttf"; sourceTree = "<group>"; };
		DB5A14C1C8764235B90EFC6E /* NotoSansKR-Light.otf */ = {isa = PBXFileReference; explicitFileType = undefined; fileEncoding = 9; includeInIndex = 0; lastKnownFileType = unknown; name = "NotoSansKR-Light.otf"; path = "../app/assets/fonts/NotoSansKR-Light.otf"; sourceTree = "<group>"; };
		DC541D5B08E746D2B005F26E /* MaterialIcons.ttf */ = {isa = PBXFileReference; explicitFileType = undefined; fileEncoding = 9; includeInIndex = 0; lastKnownFileType = unknown; name = MaterialIcons.ttf; path = ../app/assets/fonts/MaterialIcons.ttf; sourceTree = "<group>"; };
		DC56C3474BB844ABAC6AFB85 /* LotteMartDream-Bold.ttf */ = {isa = PBXFileReference; explicitFileType = undefined; fileEncoding = 9; includeInIndex = 0; lastKnownFileType = unknown; name = "LotteMartDream-Bold.ttf"; path = "../app/assets/fonts/LotteMartDream-Bold.ttf"; sourceTree = "<group>"; };
		E1040A069D7846FD8A7F6C3B /* SFPRODISPLAY-BLACKITALIC.OTF */ = {isa = PBXFileReference; explicitFileType = undefined; fileEncoding = 9; includeInIndex = 0; lastKnownFileType = unknown; name = "SFPRODISPLAY-BLACKITALIC.OTF"; path = "../app/assets/fonts/SFPRODISPLAY-BLACKITALIC.OTF"; sourceTree = "<group>"; };
		E20F2B12791948E88551DE56 /* Ionicons.ttf */ = {isa = PBXFileReference; explicitFileType = undefined; fileEncoding = 9; includeInIndex = 0; lastKnownFileType = unknown; name = Ionicons.ttf; path = ../app/assets/fonts/Ionicons.ttf; sourceTree = "<group>"; };
		E4E92A7CE5B14F389D13E60F /* SFPRODISPLAYTHINITALIC.OTF */ = {isa = PBXFileReference; explicitFileType = undefined; fileEncoding = 9; includeInIndex = 0; lastKnownFileType = unknown; name = SFPRODISPLAYTHINITALIC.OTF; path = ../app/assets/fonts/SFPRODISPLAYTHINITALIC.OTF; sourceTree = "<group>"; };
		E6BFB505012C4D40833C9F3D /* SFPRODISPLAYREGULAR.OTF */ = {isa = PBXFileReference; explicitFileType = undefined; fileEncoding = 9; includeInIndex = 0; lastKnownFileType = unknown; name = SFPRODISPLAYREGULAR.OTF; path = ../app/assets/fonts/SFPRODISPLAYREGULAR.OTF; sourceTree = "<group>"; };
		E96A977140FE4282AD3B33C6 /* FontAwesome5_Brands.ttf */ = {isa = PBXFileReference; explicitFileType = undefined; fileEncoding = 9; includeInIndex = 0; lastKnownFileType = unknown; name = FontAwesome5_Brands.ttf; path = ../app/assets/fonts/FontAwesome5_Brands.ttf; sourceTree = "<group>"; };
		ED297162215061F000B7C4FE /* JavaScriptCore.framework */ = {isa = PBXFileReference; lastKnownFileType = wrapper.framework; name = JavaScriptCore.framework; path = System/Library/Frameworks/JavaScriptCore.framework; sourceTree = SDKROOT; };
		F8AA073CFB1D49AFA81F978C /* NotoSansKR-Thin.otf */ = {isa = PBXFileReference; explicitFileType = undefined; fileEncoding = 9; includeInIndex = 0; lastKnownFileType = unknown; name = "NotoSansKR-Thin.otf"; path = "../app/assets/fonts/NotoSansKR-Thin.otf"; sourceTree = "<group>"; };
		FB1240D6F470488AB5060C95 /* Fontisto.ttf */ = {isa = PBXFileReference; explicitFileType = undefined; fileEncoding = 9; includeInIndex = 0; lastKnownFileType = unknown; name = Fontisto.ttf; path = ../app/assets/fonts/Fontisto.ttf; sourceTree = "<group>"; };
/* End PBXFileReference section */

/* Begin PBXFrameworksBuildPhase section */
		00E356EB1AD99517003FC87E /* Frameworks */ = {
			isa = PBXFrameworksBuildPhase;
			buildActionMask = 2147483647;
			files = (
				EA25F9F84BA1CD24855264AA /* libPods-KAU_EAT-KAU_EATTests.a in Frameworks */,
			);
			runOnlyForDeploymentPostprocessing = 0;
		};
		13B07F8C1A680F5B00A75B9A /* Frameworks */ = {
			isa = PBXFrameworksBuildPhase;
			buildActionMask = 2147483647;
			files = (
				2A66B5705F6186AF1A78EF6C /* libPods-KAU_EAT.a in Frameworks */,
			);
			runOnlyForDeploymentPostprocessing = 0;
		};
/* End PBXFrameworksBuildPhase section */

/* Begin PBXGroup section */
		00E356EF1AD99517003FC87E /* KAU_EATTests */ = {
			isa = PBXGroup;
			children = (
				00E356F21AD99517003FC87E /* KAU_EATTests.m */,
				00E356F01AD99517003FC87E /* Supporting Files */,
			);
			path = KAU_EATTests;
			sourceTree = "<group>";
		};
		00E356F01AD99517003FC87E /* Supporting Files */ = {
			isa = PBXGroup;
			children = (
				00E356F11AD99517003FC87E /* Info.plist */,
			);
			name = "Supporting Files";
			sourceTree = "<group>";
		};
		13B07FAE1A68108700A75B9A /* KAU_EAT */ = {
			isa = PBXGroup;
			children = (
				570C165628B42AD900656A77 /* splash_logo.png */,
				13B07FAF1A68108700A75B9A /* AppDelegate.h */,
				13B07FB01A68108700A75B9A /* AppDelegate.mm */,
				13B07FB51A68108700A75B9A /* Images.xcassets */,
				13B07FB61A68108700A75B9A /* Info.plist */,
				81AB9BB72411601600AC10FF /* LaunchScreen.storyboard */,
				13B07FB71A68108700A75B9A /* main.m */,
				570C165428B41EF900656A77 /* SplashScreen.storyboard */,
			);
			name = KAU_EAT;
			sourceTree = "<group>";
		};
		2D16E6871FA4F8E400B85C8A /* Frameworks */ = {
			isa = PBXGroup;
			children = (
				ED297162215061F000B7C4FE /* JavaScriptCore.framework */,
				568A14E54A368D846EC745A8 /* libPods-KAU_EAT.a */,
				7CBD78093ED284123096F68A /* libPods-KAU_EAT-KAU_EATTests.a */,
			);
			name = Frameworks;
			sourceTree = "<group>";
		};
		832341AE1AAA6A7D00B99B32 /* Libraries */ = {
			isa = PBXGroup;
			children = (
			);
			name = Libraries;
			sourceTree = "<group>";
		};
		83CBB9F61A601CBA00E9B192 = {
			isa = PBXGroup;
			children = (
				13B07FAE1A68108700A75B9A /* KAU_EAT */,
				832341AE1AAA6A7D00B99B32 /* Libraries */,
				00E356EF1AD99517003FC87E /* KAU_EATTests */,
				83CBBA001A601CBA00E9B192 /* Products */,
				2D16E6871FA4F8E400B85C8A /* Frameworks */,
				BBD78D7AC51CEA395F1C20DB /* Pods */,
				91535F75E5DA4E34B9F51176 /* Resources */,
			);
			indentWidth = 2;
			sourceTree = "<group>";
			tabWidth = 2;
			usesTabs = 0;
		};
		83CBBA001A601CBA00E9B192 /* Products */ = {
			isa = PBXGroup;
			children = (
				13B07F961A680F5B00A75B9A /* KAU_EAT.app */,
				00E356EE1AD99517003FC87E /* KAU_EATTests.xctest */,
			);
			name = Products;
			sourceTree = "<group>";
		};
		91535F75E5DA4E34B9F51176 /* Resources */ = {
			isa = PBXGroup;
			children = (
				956276CE31CE4E44BE64AB39 /* Inter-Black.ttf */,
				6BC1645C2EF74A619C8B4FAE /* Inter-Bold.ttf */,
				3D95DB6817D14DFBA91A14DA /* Inter-ExtraBold.ttf */,
				5DDC22B8CD32464D9E877104 /* Inter-ExtraLight.ttf */,
				880E8E9A201D4D00847C4DB0 /* Inter-Light.ttf */,
				88B25FA978014984ACACE7B7 /* Inter-Medium.ttf */,
				7B5E6086708D4600AF587FB8 /* Inter-Regular.ttf */,
				C0BCEDC633D94CCE8D3DB411 /* Inter-SemiBold.ttf */,
				957EBE296FC34E309B45FA03 /* Inter-Thin.ttf */,
				B337E243FFDE4BD3BAA7FFFC /* LotteMartHappy-Bold.ttf */,
				47FA534342B44DCFBD00146F /* LotteMartHappy-Light.ttf */,
				6D21336CAEA14C7C9A91F110 /* LotteMartHappy-Medium.ttf */,
				AF5C6796B5CB45A2A5DC67A1 /* NotoSansKR-Black.otf */,
				CF4B2B536DFF49C48E4903D7 /* NotoSansKR-Bold.otf */,
				DB5A14C1C8764235B90EFC6E /* NotoSansKR-Light.otf */,
				77F6E229F1DC4F3DB2E4A3FA /* NotoSansKR-Medium.otf */,
				D0249D8802FF4B20B28689C8 /* NotoSansKR-Regular.otf */,
				F8AA073CFB1D49AFA81F978C /* NotoSansKR-Thin.otf */,
				77FB2128C29E40AEAF5C9EAE /* AntDesign.ttf */,
				1F5C807DE64E46EBB3A0072D /* Entypo.ttf */,
				22D9C8A492B34E24BFD06E24 /* EvilIcons.ttf */,
				9A9E948B76154292BCA2625B /* Feather.ttf */,
				64ECC114C0D547B1B5B533A5 /* FontAwesome.ttf */,
				E96A977140FE4282AD3B33C6 /* FontAwesome5_Brands.ttf */,
				A4B5D9B098824E54BF00D72D /* FontAwesome5_Regular.ttf */,
				37B0188C21EE4509A7E33915 /* FontAwesome5_Solid.ttf */,
				FB1240D6F470488AB5060C95 /* Fontisto.ttf */,
				97A3F7D180AD47B1A940FAE4 /* Foundation.ttf */,
				E20F2B12791948E88551DE56 /* Ionicons.ttf */,
				DC56C3474BB844ABAC6AFB85 /* LotteMartDream-Bold.ttf */,
				DA663FCA3CB34549B1BC9B4A /* LotteMartDream-Light.ttf */,
				62448CADAFE74835831CA8FA /* LotteMartDream-Medium.ttf */,
				D10D7C784EB44EBE8E43BA65 /* LotteMartDreamBold.ttf */,
				73F32950359F4EAE83C79F54 /* LotteMartDreamLight.ttf */,
				0688774403714804B1906734 /* LotteMartDreamMedium.ttf */,
				C38C39C7743245C598880B07 /* LotteMartHappyBold.ttf */,
				ABA76F5A79D943D8A7996882 /* LotteMartHappyLight.ttf */,
				96ADAD0DD8964E07AAC0F22F /* LotteMartHappyMedium.ttf */,
				14970260B2514ECA98ABFB80 /* MaterialCommunityIcons.ttf */,
				DC541D5B08E746D2B005F26E /* MaterialIcons.ttf */,
				3D463FBFC134446BB2B4A241 /* NotoSansKRBlack.otf */,
				82DA691A6F4B48A7829F92DE /* NotoSansKRBold.otf */,
				D7F8CAED6E1B4A018676666E /* NotoSansKRLight.otf */,
				86D3F73D21A4477DB852519E /* NotoSansKRMedium.otf */,
				45B1F65FB27F4584AD47AFD9 /* NotoSansKRRegular.otf */,
				80B0C093D9CD4B59956AE770 /* NotoSansKRThin.otf */,
				40CB7C2C01F14D83B851B5E1 /* Octicons.ttf */,
				E1040A069D7846FD8A7F6C3B /* SFPRODISPLAY-BLACKITALIC.OTF */,
				9B0E4659467B400EA9D99BD1 /* SFPRODISPLAY-BOLD.OTF */,
				BE2A5D71036045DCA935E5C9 /* SFPRODISPLAY-HEAVYITALIC.OTF */,
				64FD966F1022476891FD6BD5 /* SFPRODISPLAY-LIGHTITALIC.OTF */,
				1B6B9AE4819741E8B3FA77DA /* SFPRODISPLAY-MEDIUM.OTF */,
				9F0B8B4EB453416B940F499C /* SFPRODISPLAY-REGULAR.OTF */,
				619E2202B3A041BEB05B20E2 /* SFPRODISPLAY-SEMIBOLDITALIC.OTF */,
				C881DD0B881441F0B73C0A0D /* SFPRODISPLAY-THINITALIC.OTF */,
				C45D9890127C46DF827AA85B /* SFPRODISPLAY-ULTRALIGHTITALIC.OTF */,
				3E782EA7F2E24DAF9F2FDD98 /* SFPRODISPLAYBLACKITALIC.OTF */,
				7EBF4DB04A544D49847674AB /* SFPRODISPLAYBOLD.OTF */,
				786B39D64FDE4F1F9D1F55D1 /* SFPRODISPLAYHEAVYITALIC.OTF */,
				91C33FF7BB0444098498CAD0 /* SFPRODISPLAYLIGHTITALIC.OTF */,
				1070DB28C8C845988BCD5244 /* SFPRODISPLAYMEDIUM.OTF */,
				E6BFB505012C4D40833C9F3D /* SFPRODISPLAYREGULAR.OTF */,
				9C1F4F11670444939E1186D5 /* SFPRODISPLAYSEMIBOLDITALIC.OTF */,
				E4E92A7CE5B14F389D13E60F /* SFPRODISPLAYTHINITALIC.OTF */,
				94930CEBC23F4C998E2A6C89 /* SFPRODISPLAYULTRALIGHTITALIC.OTF */,
				BE170F883FBE47A3B2AD1E02 /* SimpleLineIcons.ttf */,
				D4049CCA29AC4A74A571CA2D /* Zocial.ttf */,
			);
			name = Resources;
			sourceTree = "<group>";
		};
		BBD78D7AC51CEA395F1C20DB /* Pods */ = {
			isa = PBXGroup;
			children = (
				13E439E77C2FBB5CDB175027 /* Pods-KAU_EAT.debug.xcconfig */,
				2D58455F51174129A9558EA4 /* Pods-KAU_EAT.release.xcconfig */,
				D4205C2123820D2C3416BF75 /* Pods-KAU_EAT-KAU_EATTests.debug.xcconfig */,
				BF11E72B54550079CD1DD189 /* Pods-KAU_EAT-KAU_EATTests.release.xcconfig */,
			);
			path = Pods;
			sourceTree = "<group>";
		};
/* End PBXGroup section */

/* Begin PBXNativeTarget section */
		00E356ED1AD99517003FC87E /* KAU_EATTests */ = {
			isa = PBXNativeTarget;
			buildConfigurationList = 00E357021AD99517003FC87E /* Build configuration list for PBXNativeTarget "KAU_EATTests" */;
			buildPhases = (
				36D017FD7EBC74FC5CAE4710 /* [CP] Check Pods Manifest.lock */,
				00E356EA1AD99517003FC87E /* Sources */,
				00E356EB1AD99517003FC87E /* Frameworks */,
				00E356EC1AD99517003FC87E /* Resources */,
				126A68E4593E5B2EC14C3C09 /* [CP] Embed Pods Frameworks */,
				D0EF0A22FF9BCC14E460588F /* [CP] Copy Pods Resources */,
			);
			buildRules = (
			);
			dependencies = (
				00E356F51AD99517003FC87E /* PBXTargetDependency */,
			);
			name = KAU_EATTests;
			productName = KAU_EATTests;
			productReference = 00E356EE1AD99517003FC87E /* KAU_EATTests.xctest */;
			productType = "com.apple.product-type.bundle.unit-test";
		};
		13B07F861A680F5B00A75B9A /* KAU_EAT */ = {
			isa = PBXNativeTarget;
			buildConfigurationList = 13B07F931A680F5B00A75B9A /* Build configuration list for PBXNativeTarget "KAU_EAT" */;
			buildPhases = (
				D77C8C261BDF5D90194C0869 /* [CP] Check Pods Manifest.lock */,
				FD10A7F022414F080027D42C /* Start Packager */,
				13B07F871A680F5B00A75B9A /* Sources */,
				13B07F8C1A680F5B00A75B9A /* Frameworks */,
				13B07F8E1A680F5B00A75B9A /* Resources */,
				00DD1BFF1BD5951E006B06BC /* Bundle React Native code and images */,
				93F5344FE833D5960907FFA1 /* [CP] Embed Pods Frameworks */,
				6587B5A7A8AF1FBDE2D29ED5 /* [CP] Copy Pods Resources */,
			);
			buildRules = (
			);
			dependencies = (
			);
			name = KAU_EAT;
			productName = KAU_EAT;
			productReference = 13B07F961A680F5B00A75B9A /* KAU_EAT.app */;
			productType = "com.apple.product-type.application";
		};
/* End PBXNativeTarget section */

/* Begin PBXProject section */
		83CBB9F71A601CBA00E9B192 /* Project object */ = {
			isa = PBXProject;
			attributes = {
				LastUpgradeCheck = 1340;
				TargetAttributes = {
					00E356ED1AD99517003FC87E = {
						CreatedOnToolsVersion = 6.2;
						TestTargetID = 13B07F861A680F5B00A75B9A;
					};
					13B07F861A680F5B00A75B9A = {
						LastSwiftMigration = 1120;
					};
				};
			};
			buildConfigurationList = 83CBB9FA1A601CBA00E9B192 /* Build configuration list for PBXProject "KAU_EAT" */;
			compatibilityVersion = "Xcode 12.0";
			developmentRegion = en;
			hasScannedForEncodings = 0;
			knownRegions = (
				en,
				Base,
			);
			mainGroup = 83CBB9F61A601CBA00E9B192;
			productRefGroup = 83CBBA001A601CBA00E9B192 /* Products */;
			projectDirPath = "";
			projectRoot = "";
			targets = (
				13B07F861A680F5B00A75B9A /* KAU_EAT */,
				00E356ED1AD99517003FC87E /* KAU_EATTests */,
			);
		};
/* End PBXProject section */

/* Begin PBXResourcesBuildPhase section */
		00E356EC1AD99517003FC87E /* Resources */ = {
			isa = PBXResourcesBuildPhase;
			buildActionMask = 2147483647;
			files = (
				570C165928B4350000656A77 /* Images.xcassets in Resources */,
			);
			runOnlyForDeploymentPostprocessing = 0;
		};
		13B07F8E1A680F5B00A75B9A /* Resources */ = {
			isa = PBXResourcesBuildPhase;
			buildActionMask = 2147483647;
			files = (
				81AB9BB82411601600AC10FF /* LaunchScreen.storyboard in Resources */,
				02800D61B4F64E8A821D9293 /* Inter-Black.ttf in Resources */,
				19B86D6C6FC74874A88A75A9 /* Inter-Bold.ttf in Resources */,
				ED8471C1F228404AB3FB7CF0 /* Inter-ExtraBold.ttf in Resources */,
				2D3E1770782E463CA25CA411 /* Inter-ExtraLight.ttf in Resources */,
				429173813A2C493585174F0B /* Inter-Light.ttf in Resources */,
				EA5B665AF47347B8832880C1 /* Inter-Medium.ttf in Resources */,
				3A0F7D7CDA574DDF82FAC60E /* Inter-Regular.ttf in Resources */,
				E5954F18201B458FA84F6663 /* Inter-SemiBold.ttf in Resources */,
				FAC82D227ABD493686FF86D5 /* Inter-Thin.ttf in Resources */,
				EA703D4E7A2B4D6DB622FF75 /* LotteMartHappy-Bold.ttf in Resources */,
				BCF9BBF673C549C29B1DBC59 /* LotteMartHappy-Light.ttf in Resources */,
				EAC927AD8F5E455290A49127 /* LotteMartHappy-Medium.ttf in Resources */,
				570C165728B42AD900656A77 /* splash_logo.png in Resources */,
				62713BBEA40C4B9C8105E89B /* NotoSansKR-Black.otf in Resources */,
				5A7DE613F7B14E8BB32BB502 /* NotoSansKR-Bold.otf in Resources */,
				0DE2B830CFF34657B9CF256D /* NotoSansKR-Light.otf in Resources */,
				775B92A7F8E0430E8C3EF7D3 /* NotoSansKR-Medium.otf in Resources */,
				F42522DDE37B4A63BAF46F80 /* NotoSansKR-Regular.otf in Resources */,
				498544DD37C64693B31353BB /* NotoSansKR-Thin.otf in Resources */,
				157E9F6EAC7E48FB8397972E /* LotteMartDream-Bold.ttf in Resources */,
				6196A9F915EA4D34BE8589ED /* LotteMartDream-Light.ttf in Resources */,
				828763BCA67B4718816E3312 /* LotteMartDream-Medium.ttf in Resources */,
				AAC15A1F47E2418B8B493849 /* LotteMartDreamBold.ttf in Resources */,
				7155F7742A4F4301B5495D71 /* LotteMartDreamLight.ttf in Resources */,
				8CB22969B3CA4172A7D6A820 /* LotteMartDreamMedium.ttf in Resources */,
				570C165828B433E600656A77 /* Images.xcassets in Resources */,
				0B3DA160044640BBAB0DEE4A /* LotteMartHappyBold.ttf in Resources */,
				BBEB2702E5CD40DE86E77793 /* LotteMartHappyLight.ttf in Resources */,
				EB18B7400A3F4B11B1811334 /* LotteMartHappyMedium.ttf in Resources */,
				570C165528B41EF900656A77 /* SplashScreen.storyboard in Resources */,
				5E5052C6F4E04E2492E9FF7E /* NotoSansKRBlack.otf in Resources */,
				56E2016453BB47BE8441838E /* NotoSansKRBold.otf in Resources */,
				CCB0A785652E4C04B1DA93DD /* NotoSansKRLight.otf in Resources */,
				2DC4BF2178D4442AABB0C1F8 /* NotoSansKRMedium.otf in Resources */,
				BEA02B31D84D468AAF05898F /* NotoSansKRRegular.otf in Resources */,
				102D61488CBD45969575F9FB /* NotoSansKRThin.otf in Resources */,
				81F787193E9A4D48ACD4EAA7 /* SFPRODISPLAY-BLACKITALIC.OTF in Resources */,
				6ABBC96709824F46BAB2DC4C /* SFPRODISPLAY-BOLD.OTF in Resources */,
				F2622D60665A4F09A4E4A195 /* SFPRODISPLAY-HEAVYITALIC.OTF in Resources */,
				4FB4E5B0CEBF432AADC400DB /* SFPRODISPLAY-LIGHTITALIC.OTF in Resources */,
				4956CFDCD2344EAA8AAC5403 /* SFPRODISPLAY-MEDIUM.OTF in Resources */,
				9F2EB7D0BBB445C1996F3CA7 /* SFPRODISPLAY-REGULAR.OTF in Resources */,
				9412E9C3CC1E456AB5EA7031 /* SFPRODISPLAY-SEMIBOLDITALIC.OTF in Resources */,
				D9A50E72BBB04B529CFD8F37 /* SFPRODISPLAY-THINITALIC.OTF in Resources */,
				1A14BDCAD5B74645A7A9C275 /* SFPRODISPLAY-ULTRALIGHTITALIC.OTF in Resources */,
				219D5EA17EC046598CC751A6 /* SFPRODISPLAYBLACKITALIC.OTF in Resources */,
				2E02C1A49A474EA990644F71 /* SFPRODISPLAYBOLD.OTF in Resources */,
				20E1F591475845C6A58EFAA8 /* SFPRODISPLAYHEAVYITALIC.OTF in Resources */,
				053CD923AC35477394B546B1 /* SFPRODISPLAYLIGHTITALIC.OTF in Resources */,
				BBE2409F9C0D4E5785DF6FFD /* SFPRODISPLAYMEDIUM.OTF in Resources */,
				AED04B36B78D430E9D7E837B /* SFPRODISPLAYREGULAR.OTF in Resources */,
				EB92C4A3FCA34F1683E9743E /* SFPRODISPLAYSEMIBOLDITALIC.OTF in Resources */,
				E4DC1F025467401F9A061DCA /* SFPRODISPLAYTHINITALIC.OTF in Resources */,
				E4669B168C7D41BF99074709 /* SFPRODISPLAYULTRALIGHTITALIC.OTF in Resources */,
			);
			runOnlyForDeploymentPostprocessing = 0;
		};
/* End PBXResourcesBuildPhase section */

/* Begin PBXShellScriptBuildPhase section */
		00DD1BFF1BD5951E006B06BC /* Bundle React Native code and images */ = {
			isa = PBXShellScriptBuildPhase;
			buildActionMask = 2147483647;
			files = (
			);
			inputPaths = (
			);
			name = "Bundle React Native code and images";
			outputPaths = (
			);
			runOnlyForDeploymentPostprocessing = 0;
			shellPath = /bin/sh;
			shellScript = "set -e\n\nexport NODE_BINARY=node\n../node_modules/react-native/scripts/react-native-xcode.sh\n";
		};
		126A68E4593E5B2EC14C3C09 /* [CP] Embed Pods Frameworks */ = {
			isa = PBXShellScriptBuildPhase;
			buildActionMask = 2147483647;
			files = (
			);
			inputFileListPaths = (
				"${PODS_ROOT}/Target Support Files/Pods-KAU_EAT-KAU_EATTests/Pods-KAU_EAT-KAU_EATTests-frameworks-${CONFIGURATION}-input-files.xcfilelist",
			);
			name = "[CP] Embed Pods Frameworks";
			outputFileListPaths = (
				"${PODS_ROOT}/Target Support Files/Pods-KAU_EAT-KAU_EATTests/Pods-KAU_EAT-KAU_EATTests-frameworks-${CONFIGURATION}-output-files.xcfilelist",
			);
			runOnlyForDeploymentPostprocessing = 0;
			shellPath = /bin/sh;
			shellScript = "\"${PODS_ROOT}/Target Support Files/Pods-KAU_EAT-KAU_EATTests/Pods-KAU_EAT-KAU_EATTests-frameworks.sh\"\n";
			showEnvVarsInLog = 0;
		};
		36D017FD7EBC74FC5CAE4710 /* [CP] Check Pods Manifest.lock */ = {
			isa = PBXShellScriptBuildPhase;
			buildActionMask = 2147483647;
			files = (
			);
			inputFileListPaths = (
			);
			inputPaths = (
				"${PODS_PODFILE_DIR_PATH}/Podfile.lock",
				"${PODS_ROOT}/Manifest.lock",
			);
			name = "[CP] Check Pods Manifest.lock";
			outputFileListPaths = (
			);
			outputPaths = (
				"$(DERIVED_FILE_DIR)/Pods-KAU_EAT-KAU_EATTests-checkManifestLockResult.txt",
			);
			runOnlyForDeploymentPostprocessing = 0;
			shellPath = /bin/sh;
			shellScript = "diff \"${PODS_PODFILE_DIR_PATH}/Podfile.lock\" \"${PODS_ROOT}/Manifest.lock\" > /dev/null\nif [ $? != 0 ] ; then\n    # print error to STDERR\n    echo \"error: The sandbox is not in sync with the Podfile.lock. Run 'pod install' or update your CocoaPods installation.\" >&2\n    exit 1\nfi\n# This output is used by Xcode 'outputs' to avoid re-running this script phase.\necho \"SUCCESS\" > \"${SCRIPT_OUTPUT_FILE_0}\"\n";
			showEnvVarsInLog = 0;
		};
		6587B5A7A8AF1FBDE2D29ED5 /* [CP] Copy Pods Resources */ = {
			isa = PBXShellScriptBuildPhase;
			buildActionMask = 2147483647;
			files = (
			);
			inputFileListPaths = (
				"${PODS_ROOT}/Target Support Files/Pods-KAU_EAT/Pods-KAU_EAT-resources-${CONFIGURATION}-input-files.xcfilelist",
			);
			name = "[CP] Copy Pods Resources";
			outputFileListPaths = (
				"${PODS_ROOT}/Target Support Files/Pods-KAU_EAT/Pods-KAU_EAT-resources-${CONFIGURATION}-output-files.xcfilelist",
			);
			runOnlyForDeploymentPostprocessing = 0;
			shellPath = /bin/sh;
			shellScript = "\"${PODS_ROOT}/Target Support Files/Pods-KAU_EAT/Pods-KAU_EAT-resources.sh\"\n";
			showEnvVarsInLog = 0;
		};
		93F5344FE833D5960907FFA1 /* [CP] Embed Pods Frameworks */ = {
			isa = PBXShellScriptBuildPhase;
			buildActionMask = 2147483647;
			files = (
			);
			inputFileListPaths = (
				"${PODS_ROOT}/Target Support Files/Pods-KAU_EAT/Pods-KAU_EAT-frameworks-${CONFIGURATION}-input-files.xcfilelist",
			);
			name = "[CP] Embed Pods Frameworks";
			outputFileListPaths = (
				"${PODS_ROOT}/Target Support Files/Pods-KAU_EAT/Pods-KAU_EAT-frameworks-${CONFIGURATION}-output-files.xcfilelist",
			);
			runOnlyForDeploymentPostprocessing = 0;
			shellPath = /bin/sh;
			shellScript = "\"${PODS_ROOT}/Target Support Files/Pods-KAU_EAT/Pods-KAU_EAT-frameworks.sh\"\n";
			showEnvVarsInLog = 0;
		};
		D0EF0A22FF9BCC14E460588F /* [CP] Copy Pods Resources */ = {
			isa = PBXShellScriptBuildPhase;
			buildActionMask = 2147483647;
			files = (
			);
			inputFileListPaths = (
				"${PODS_ROOT}/Target Support Files/Pods-KAU_EAT-KAU_EATTests/Pods-KAU_EAT-KAU_EATTests-resources-${CONFIGURATION}-input-files.xcfilelist",
			);
			name = "[CP] Copy Pods Resources";
			outputFileListPaths = (
				"${PODS_ROOT}/Target Support Files/Pods-KAU_EAT-KAU_EATTests/Pods-KAU_EAT-KAU_EATTests-resources-${CONFIGURATION}-output-files.xcfilelist",
			);
			runOnlyForDeploymentPostprocessing = 0;
			shellPath = /bin/sh;
			shellScript = "\"${PODS_ROOT}/Target Support Files/Pods-KAU_EAT-KAU_EATTests/Pods-KAU_EAT-KAU_EATTests-resources.sh\"\n";
			showEnvVarsInLog = 0;
		};
		D77C8C261BDF5D90194C0869 /* [CP] Check Pods Manifest.lock */ = {
			isa = PBXShellScriptBuildPhase;
			buildActionMask = 2147483647;
			files = (
			);
			inputFileListPaths = (
			);
			inputPaths = (
				"${PODS_PODFILE_DIR_PATH}/Podfile.lock",
				"${PODS_ROOT}/Manifest.lock",
			);
			name = "[CP] Check Pods Manifest.lock";
			outputFileListPaths = (
			);
			outputPaths = (
				"$(DERIVED_FILE_DIR)/Pods-KAU_EAT-checkManifestLockResult.txt",
			);
			runOnlyForDeploymentPostprocessing = 0;
			shellPath = /bin/sh;
			shellScript = "diff \"${PODS_PODFILE_DIR_PATH}/Podfile.lock\" \"${PODS_ROOT}/Manifest.lock\" > /dev/null\nif [ $? != 0 ] ; then\n    # print error to STDERR\n    echo \"error: The sandbox is not in sync with the Podfile.lock. Run 'pod install' or update your CocoaPods installation.\" >&2\n    exit 1\nfi\n# This output is used by Xcode 'outputs' to avoid re-running this script phase.\necho \"SUCCESS\" > \"${SCRIPT_OUTPUT_FILE_0}\"\n";
			showEnvVarsInLog = 0;
		};
		FD10A7F022414F080027D42C /* Start Packager */ = {
			isa = PBXShellScriptBuildPhase;
			buildActionMask = 2147483647;
			files = (
			);
			inputFileListPaths = (
			);
			inputPaths = (
			);
			name = "Start Packager";
			outputFileListPaths = (
			);
			outputPaths = (
			);
			runOnlyForDeploymentPostprocessing = 0;
			shellPath = /bin/sh;
			shellScript = "export RCT_METRO_PORT=\"${RCT_METRO_PORT:=8081}\"\necho \"export RCT_METRO_PORT=${RCT_METRO_PORT}\" > \"${SRCROOT}/../node_modules/react-native/scripts/.packager.env\"\nif [ -z \"${RCT_NO_LAUNCH_PACKAGER+xxx}\" ] ; then\n  if nc -w 5 -z localhost ${RCT_METRO_PORT} ; then\n    if ! curl -s \"http://localhost:${RCT_METRO_PORT}/status\" | grep -q \"packager-status:running\" ; then\n      echo \"Port ${RCT_METRO_PORT} already in use, packager is either not running or not running correctly\"\n      exit 2\n    fi\n  else\n    open \"$SRCROOT/../node_modules/react-native/scripts/launchPackager.command\" || echo \"Can't start packager automatically\"\n  fi\nfi\n";
			showEnvVarsInLog = 0;
		};
/* End PBXShellScriptBuildPhase section */

/* Begin PBXSourcesBuildPhase section */
		00E356EA1AD99517003FC87E /* Sources */ = {
			isa = PBXSourcesBuildPhase;
			buildActionMask = 2147483647;
			files = (
				00E356F31AD99517003FC87E /* KAU_EATTests.m in Sources */,
			);
			runOnlyForDeploymentPostprocessing = 0;
		};
		13B07F871A680F5B00A75B9A /* Sources */ = {
			isa = PBXSourcesBuildPhase;
			buildActionMask = 2147483647;
			files = (
				13B07FBC1A68108700A75B9A /* AppDelegate.mm in Sources */,
				13B07FC11A68108700A75B9A /* main.m in Sources */,
			);
			runOnlyForDeploymentPostprocessing = 0;
		};
/* End PBXSourcesBuildPhase section */

/* Begin PBXTargetDependency section */
		00E356F51AD99517003FC87E /* PBXTargetDependency */ = {
			isa = PBXTargetDependency;
			target = 13B07F861A680F5B00A75B9A /* KAU_EAT */;
			targetProxy = 00E356F41AD99517003FC87E /* PBXContainerItemProxy */;
		};
/* End PBXTargetDependency section */

/* Begin XCBuildConfiguration section */
		00E356F61AD99517003FC87E /* Debug */ = {
			isa = XCBuildConfiguration;
			baseConfigurationReference = D4205C2123820D2C3416BF75 /* Pods-KAU_EAT-KAU_EATTests.debug.xcconfig */;
			buildSettings = {
				ALWAYS_EMBED_SWIFT_STANDARD_LIBRARIES = YES;
				BUNDLE_LOADER = "$(TEST_HOST)";
				DEVELOPMENT_TEAM = 6SFFMV6WN8;
				GCC_PREPROCESSOR_DEFINITIONS = (
					"DEBUG=1",
					"$(inherited)",
				);
				INFOPLIST_FILE = KAU_EATTests/Info.plist;
				IPHONEOS_DEPLOYMENT_TARGET = 12.0;
				LD_RUNPATH_SEARCH_PATHS = (
					"$(inherited)",
					"@executable_path/Frameworks",
					"@loader_path/Frameworks",
				);
				OTHER_LDFLAGS = (
					"-ObjC",
					"-lc++",
					"$(inherited)",
				);
				PRODUCT_BUNDLE_IDENTIFIER = "org.reactjs.native.example.$(PRODUCT_NAME:rfc1034identifier)";
				PRODUCT_NAME = "$(TARGET_NAME)";
				TEST_HOST = "$(BUILT_PRODUCTS_DIR)/KAU_EAT.app/KAU_EAT";
			};
			name = Debug;
		};
		00E356F71AD99517003FC87E /* Release */ = {
			isa = XCBuildConfiguration;
			baseConfigurationReference = BF11E72B54550079CD1DD189 /* Pods-KAU_EAT-KAU_EATTests.release.xcconfig */;
			buildSettings = {
				ALWAYS_EMBED_SWIFT_STANDARD_LIBRARIES = YES;
				BUNDLE_LOADER = "$(TEST_HOST)";
				COPY_PHASE_STRIP = NO;
				DEVELOPMENT_TEAM = 6SFFMV6WN8;
				INFOPLIST_FILE = KAU_EATTests/Info.plist;
				IPHONEOS_DEPLOYMENT_TARGET = 12.0;
				LD_RUNPATH_SEARCH_PATHS = (
					"$(inherited)",
					"@executable_path/Frameworks",
					"@loader_path/Frameworks",
				);
				OTHER_LDFLAGS = (
					"-ObjC",
					"-lc++",
					"$(inherited)",
				);
				PRODUCT_BUNDLE_IDENTIFIER = "org.reactjs.native.example.$(PRODUCT_NAME:rfc1034identifier)";
				PRODUCT_NAME = "$(TARGET_NAME)";
				TEST_HOST = "$(BUILT_PRODUCTS_DIR)/KAU_EAT.app/KAU_EAT";
			};
			name = Release;
		};
		13B07F941A680F5B00A75B9A /* Debug */ = {
			isa = XCBuildConfiguration;
			baseConfigurationReference = 13E439E77C2FBB5CDB175027 /* Pods-KAU_EAT.debug.xcconfig */;
			buildSettings = {
				ASSETCATALOG_COMPILER_APPICON_NAME = AppIcon;
				ASSETCATALOG_COMPILER_INCLUDE_ALL_APPICON_ASSETS = YES;
				CLANG_ENABLE_MODULES = YES;
				CURRENT_PROJECT_VERSION = 1;
				DEVELOPMENT_TEAM = 6SFFMV6WN8;
				ENABLE_BITCODE = NO;
				ENABLE_TESTABILITY = NO;
				INFOPLIST_FILE = KAU_EAT/Info.plist;
				IPHONEOS_DEPLOYMENT_TARGET = 12.0;
				LD_RUNPATH_SEARCH_PATHS = (
					"$(inherited)",
					"@executable_path/Frameworks",
				);
				MARKETING_VERSION = 1.0;
				OTHER_LDFLAGS = (
					"$(inherited)",
					"-ObjC",
					"-lc++",
				);
				PRODUCT_BUNDLE_IDENTIFIER = "org.reactjs.native.gaon.KAU-EAT";
				PRODUCT_NAME = KAU_EAT;
				SWIFT_OPTIMIZATION_LEVEL = "-Onone";
				SWIFT_VERSION = 5.0;
				VERSIONING_SYSTEM = "apple-generic";
			};
			name = Debug;
		};
		13B07F951A680F5B00A75B9A /* Release */ = {
			isa = XCBuildConfiguration;
			baseConfigurationReference = 2D58455F51174129A9558EA4 /* Pods-KAU_EAT.release.xcconfig */;
			buildSettings = {
				ASSETCATALOG_COMPILER_APPICON_NAME = AppIcon;
				ASSETCATALOG_COMPILER_INCLUDE_ALL_APPICON_ASSETS = YES;
				CLANG_ENABLE_MODULES = YES;
				CURRENT_PROJECT_VERSION = 1;
				DEVELOPMENT_TEAM = 6SFFMV6WN8;
				ENABLE_TESTABILITY = NO;
				INFOPLIST_FILE = KAU_EAT/Info.plist;
				IPHONEOS_DEPLOYMENT_TARGET = 12.0;
				LD_RUNPATH_SEARCH_PATHS = (
					"$(inherited)",
					"@executable_path/Frameworks",
				);
				MARKETING_VERSION = 1.0;
				OTHER_LDFLAGS = (
					"$(inherited)",
					"-ObjC",
					"-lc++",
				);
				PRODUCT_BUNDLE_IDENTIFIER = "org.reactjs.native.gaon.KAU-EAT";
				PRODUCT_NAME = KAU_EAT;
				SWIFT_VERSION = 5.0;
				VERSIONING_SYSTEM = "apple-generic";
			};
			name = Release;
		};
		83CBBA201A601CBA00E9B192 /* Debug */ = {
			isa = XCBuildConfiguration;
			buildSettings = {
				ALWAYS_SEARCH_USER_PATHS = NO;
				CLANG_ANALYZER_LOCALIZABILITY_NONLOCALIZED = YES;
				CLANG_CXX_LANGUAGE_STANDARD = "c++17";
				CLANG_CXX_LIBRARY = "libc++";
				CLANG_ENABLE_MODULES = YES;
				CLANG_ENABLE_OBJC_ARC = YES;
				CLANG_WARN_BLOCK_CAPTURE_AUTORELEASING = YES;
				CLANG_WARN_BOOL_CONVERSION = YES;
				CLANG_WARN_COMMA = YES;
				CLANG_WARN_CONSTANT_CONVERSION = YES;
				CLANG_WARN_DEPRECATED_OBJC_IMPLEMENTATIONS = YES;
				CLANG_WARN_DIRECT_OBJC_ISA_USAGE = YES_ERROR;
				CLANG_WARN_EMPTY_BODY = YES;
				CLANG_WARN_ENUM_CONVERSION = YES;
				CLANG_WARN_INFINITE_RECURSION = YES;
				CLANG_WARN_INT_CONVERSION = YES;
				CLANG_WARN_NON_LITERAL_NULL_CONVERSION = YES;
				CLANG_WARN_OBJC_IMPLICIT_RETAIN_SELF = YES;
				CLANG_WARN_OBJC_LITERAL_CONVERSION = YES;
				CLANG_WARN_OBJC_ROOT_CLASS = YES_ERROR;
				CLANG_WARN_QUOTED_INCLUDE_IN_FRAMEWORK_HEADER = YES;
				CLANG_WARN_RANGE_LOOP_ANALYSIS = YES;
				CLANG_WARN_STRICT_PROTOTYPES = YES;
				CLANG_WARN_SUSPICIOUS_MOVE = YES;
				CLANG_WARN_UNREACHABLE_CODE = YES;
				CLANG_WARN__DUPLICATE_METHOD_MATCH = YES;
				"CODE_SIGN_IDENTITY[sdk=iphoneos*]" = "iPhone Developer";
				COPY_PHASE_STRIP = NO;
				ENABLE_STRICT_OBJC_MSGSEND = YES;
				ENABLE_TESTABILITY = YES;
				"EXCLUDED_ARCHS[sdk=iphonesimulator*]" = "";
				GCC_C_LANGUAGE_STANDARD = gnu99;
				GCC_DYNAMIC_NO_PIC = NO;
				GCC_NO_COMMON_BLOCKS = NO;
				GCC_OPTIMIZATION_LEVEL = 0;
				GCC_PREPROCESSOR_DEFINITIONS = (
					"DEBUG=1",
					"$(inherited)",
				);
				GCC_SYMBOLS_PRIVATE_EXTERN = NO;
				GCC_WARN_64_TO_32_BIT_CONVERSION = YES;
				GCC_WARN_ABOUT_RETURN_TYPE = YES_ERROR;
				GCC_WARN_UNDECLARED_SELECTOR = YES;
				GCC_WARN_UNINITIALIZED_AUTOS = YES_AGGRESSIVE;
				GCC_WARN_UNUSED_FUNCTION = YES;
				GCC_WARN_UNUSED_VARIABLE = YES;
				IPHONEOS_DEPLOYMENT_TARGET = 12.0;
				LD_RUNPATH_SEARCH_PATHS = (
					/usr/lib/swift,
					"$(inherited)",
				);
				LIBRARY_SEARCH_PATHS = (
					"\"$(SDKROOT)/usr/lib/swift\"",
					"\"$(TOOLCHAIN_DIR)/usr/lib/swift/$(PLATFORM_NAME)\"",
					"\"$(inherited)\"",
				);
				MTL_ENABLE_DEBUG_INFO = YES;
				ONLY_ACTIVE_ARCH = YES;
				OTHER_CPLUSPLUSFLAGS = (
					"$(OTHER_CFLAGS)",
					"-DFOLLY_NO_CONFIG",
					"-DFOLLY_MOBILE=1",
					"-DFOLLY_USE_LIBCPP=1",
				);
				SDKROOT = iphoneos;
			};
			name = Debug;
		};
		83CBBA211A601CBA00E9B192 /* Release */ = {
			isa = XCBuildConfiguration;
			buildSettings = {
				ALWAYS_SEARCH_USER_PATHS = NO;
				CLANG_ANALYZER_LOCALIZABILITY_NONLOCALIZED = YES;
				CLANG_CXX_LANGUAGE_STANDARD = "c++17";
				CLANG_CXX_LIBRARY = "libc++";
				CLANG_ENABLE_MODULES = YES;
				CLANG_ENABLE_OBJC_ARC = YES;
				CLANG_WARN_BLOCK_CAPTURE_AUTORELEASING = YES;
				CLANG_WARN_BOOL_CONVERSION = YES;
				CLANG_WARN_COMMA = YES;
				CLANG_WARN_CONSTANT_CONVERSION = YES;
				CLANG_WARN_DEPRECATED_OBJC_IMPLEMENTATIONS = YES;
				CLANG_WARN_DIRECT_OBJC_ISA_USAGE = YES_ERROR;
				CLANG_WARN_EMPTY_BODY = YES;
				CLANG_WARN_ENUM_CONVERSION = YES;
				CLANG_WARN_INFINITE_RECURSION = YES;
				CLANG_WARN_INT_CONVERSION = YES;
				CLANG_WARN_NON_LITERAL_NULL_CONVERSION = YES;
				CLANG_WARN_OBJC_IMPLICIT_RETAIN_SELF = YES;
				CLANG_WARN_OBJC_LITERAL_CONVERSION = YES;
				CLANG_WARN_OBJC_ROOT_CLASS = YES_ERROR;
				CLANG_WARN_QUOTED_INCLUDE_IN_FRAMEWORK_HEADER = YES;
				CLANG_WARN_RANGE_LOOP_ANALYSIS = YES;
				CLANG_WARN_STRICT_PROTOTYPES = YES;
				CLANG_WARN_SUSPICIOUS_MOVE = YES;
				CLANG_WARN_UNREACHABLE_CODE = YES;
				CLANG_WARN__DUPLICATE_METHOD_MATCH = YES;
				"CODE_SIGN_IDENTITY[sdk=iphoneos*]" = "iPhone Developer";
				COPY_PHASE_STRIP = YES;
				ENABLE_NS_ASSERTIONS = NO;
				ENABLE_STRICT_OBJC_MSGSEND = YES;
				"EXCLUDED_ARCHS[sdk=iphonesimulator*]" = "";
				GCC_C_LANGUAGE_STANDARD = gnu99;
				GCC_NO_COMMON_BLOCKS = NO;
				GCC_WARN_64_TO_32_BIT_CONVERSION = YES;
				GCC_WARN_ABOUT_RETURN_TYPE = YES_ERROR;
				GCC_WARN_UNDECLARED_SELECTOR = YES;
				GCC_WARN_UNINITIALIZED_AUTOS = YES_AGGRESSIVE;
				GCC_WARN_UNUSED_FUNCTION = YES;
				GCC_WARN_UNUSED_VARIABLE = YES;
				IPHONEOS_DEPLOYMENT_TARGET = 12.0;
				LD_RUNPATH_SEARCH_PATHS = (
					/usr/lib/swift,
					"$(inherited)",
				);
				LIBRARY_SEARCH_PATHS = (
					"\"$(SDKROOT)/usr/lib/swift\"",
					"\"$(TOOLCHAIN_DIR)/usr/lib/swift/$(PLATFORM_NAME)\"",
					"\"$(inherited)\"",
				);
				MTL_ENABLE_DEBUG_INFO = NO;
				OTHER_CPLUSPLUSFLAGS = (
					"$(OTHER_CFLAGS)",
					"-DFOLLY_NO_CONFIG",
					"-DFOLLY_MOBILE=1",
					"-DFOLLY_USE_LIBCPP=1",
				);
				SDKROOT = iphoneos;
				VALIDATE_PRODUCT = YES;
			};
			name = Release;
		};
/* End XCBuildConfiguration section */

/* Begin XCConfigurationList section */
		00E357021AD99517003FC87E /* Build configuration list for PBXNativeTarget "KAU_EATTests" */ = {
			isa = XCConfigurationList;
			buildConfigurations = (
				00E356F61AD99517003FC87E /* Debug */,
				00E356F71AD99517003FC87E /* Release */,
			);
			defaultConfigurationIsVisible = 0;
			defaultConfigurationName = Release;
		};
		13B07F931A680F5B00A75B9A /* Build configuration list for PBXNativeTarget "KAU_EAT" */ = {
			isa = XCConfigurationList;
			buildConfigurations = (
				13B07F941A680F5B00A75B9A /* Debug */,
				13B07F951A680F5B00A75B9A /* Release */,
			);
			defaultConfigurationIsVisible = 0;
			defaultConfigurationName = Release;
		};
		83CBB9FA1A601CBA00E9B192 /* Build configuration list for PBXProject "KAU_EAT" */ = {
			isa = XCConfigurationList;
			buildConfigurations = (
				83CBBA201A601CBA00E9B192 /* Debug */,
				83CBBA211A601CBA00E9B192 /* Release */,
			);
			defaultConfigurationIsVisible = 0;
			defaultConfigurationName = Release;
		};
/* End XCConfigurationList section */
	};
	rootObject = 83CBB9F71A601CBA00E9B192 /* Project object */;
}
